
Microsoft Visual Studio Solution File, Format Version 12.00
# Visual Studio Version 17
VisualStudioVersion = 17.9.34607.119
MinimumVisualStudioVersion = 10.0.40219.1
Project("{FAE04EC0-301F-11D3-BF4B-00C04F79EFBC}") = "prog6221poe3", "prog6221poe3\prog6221poe3.csproj", "{125F0BE4-B847-473B-8801-C25610CA5324}"
EndProject
Global
	GlobalSection(SolutionConfigurationPlatforms) = preSolution
		Debug|Any CPU = Debug|Any CPU
		Release|Any CPU = Release|Any CPU
	EndGlobalSection
	GlobalSection(ProjectConfigurationPlatforms) = postSolution
		{125F0BE4-B847-473B-8801-C25610CA5324}.Debug|Any CPU.ActiveCfg = Debug|Any CPU
		{125F0BE4-B847-473B-8801-C25610CA5324}.Debug|Any CPU.Build.0 = Debug|Any CPU
		{125F0BE4-B847-473B-8801-C25610CA5324}.Release|Any CPU.ActiveCfg = Release|Any CPU
		{125F0BE4-B847-473B-8801-C25610CA5324}.Release|Any CPU.Build.0 = Release|Any CPU
	EndGlobalSection
	GlobalSection(SolutionProperties) = preSolution
		HideSolutionNode = FALSE
	EndGlobalSection
	GlobalSection(ExtensibilityGlobals) = postSolution
		SolutionGuid = {62569200-3EFB-4F25-AEBC-46146DFA91C6}
	EndGlobalSection
EndGlobal
